
Microsoft Visual Studio Solution File, Format Version 12.00
Project("{FAE04EC0-301F-11D3-BF4B-00C04F79EFBC}") = "Day01.Part1", "Day01.Part1\Day01.Part1.csproj", "{47F9DEA4-6C1E-4C1E-AD40-AB7D4250D875}"
EndProject
Project("{FAE04EC0-301F-11D3-BF4B-00C04F79EFBC}") = "Day01.Part2", "Day01.Part2\Day01.Part2.csproj", "{505D71D2-237A-42AE-B09D-026E9BE9BF4E}"
EndProject
Project("{FAE04EC0-301F-11D3-BF4B-00C04F79EFBC}") = "Day02.Part1", "Day02.Part1\Day02.Part1.csproj", "{9DDE17A5-7CFF-4E41-81D4-5C78174F178A}"
EndProject
Project("{FAE04EC0-301F-11D3-BF4B-00C04F79EFBC}") = "Day02.part2", "Day02.part2\Day02.part2.csproj", "{7F4B3A75-2053-4C2F-9BE9-43F4624F9D5E}"
EndProject
Project("{FAE04EC0-301F-11D3-BF4B-00C04F79EFBC}") = "Day03.Part1", "Day03.Part1\Day03.Part1.csproj", "{94C8A8A4-DA56-4E91-A84E-7577EC33F011}"
EndProject
Project("{FAE04EC0-301F-11D3-BF4B-00C04F79EFBC}") = "Day03.Part2", "Day03.Part2\Day03.Part2.csproj", "{39FE37AC-F89F-4770-BD00-464324F4D38A}"
EndProject
Project("{FAE04EC0-301F-11D3-BF4B-00C04F79EFBC}") = "Day04.Part1", "Day04.Part1\Day04.Part1.csproj", "{BC639D6E-6223-469A-95F7-DD4509765E08}"
EndProject
Project("{FAE04EC0-301F-11D3-BF4B-00C04F79EFBC}") = "Day04.Part2", "Day04.Part2\Day04.Part2.csproj", "{9C422E9B-0A7A-4437-AB26-F19314DE8262}"
EndProject
Project("{FAE04EC0-301F-11D3-BF4B-00C04F79EFBC}") = "Day05.Part1", "Day05.Part1\Day05.Part1.csproj", "{50F8BF6D-9B58-4025-ABB4-E86119EC6554}"
EndProject
Project("{FAE04EC0-301F-11D3-BF4B-00C04F79EFBC}") = "Day05.Part2", "Day05.Part2\Day05.Part2.csproj", "{6CAF011F-66E7-4437-BF9C-510C8062B4AE}"
EndProject
Project("{FAE04EC0-301F-11D3-BF4B-00C04F79EFBC}") = "Day06.Part1", "Day06.Part1\Day06.Part1.csproj", "{A0E0DFA9-C8B5-4D95-9302-1DA1104C84F6}"
EndProject
Project("{FAE04EC0-301F-11D3-BF4B-00C04F79EFBC}") = "Day06.Part2", "Day06.Part2\Day06.Part2.csproj", "{B4D78860-1AAF-4DC9-93D4-8068980B9943}"
EndProject
Global
	GlobalSection(SolutionConfigurationPlatforms) = preSolution
		Debug|Any CPU = Debug|Any CPU
		Release|Any CPU = Release|Any CPU
	EndGlobalSection
	GlobalSection(ProjectConfigurationPlatforms) = postSolution
		{47F9DEA4-6C1E-4C1E-AD40-AB7D4250D875}.Debug|Any CPU.ActiveCfg = Debug|Any CPU
		{47F9DEA4-6C1E-4C1E-AD40-AB7D4250D875}.Debug|Any CPU.Build.0 = Debug|Any CPU
		{47F9DEA4-6C1E-4C1E-AD40-AB7D4250D875}.Release|Any CPU.ActiveCfg = Release|Any CPU
		{47F9DEA4-6C1E-4C1E-AD40-AB7D4250D875}.Release|Any CPU.Build.0 = Release|Any CPU
		{505D71D2-237A-42AE-B09D-026E9BE9BF4E}.Debug|Any CPU.ActiveCfg = Debug|Any CPU
		{505D71D2-237A-42AE-B09D-026E9BE9BF4E}.Debug|Any CPU.Build.0 = Debug|Any CPU
		{505D71D2-237A-42AE-B09D-026E9BE9BF4E}.Release|Any CPU.ActiveCfg = Release|Any CPU
		{505D71D2-237A-42AE-B09D-026E9BE9BF4E}.Release|Any CPU.Build.0 = Release|Any CPU
		{9DDE17A5-7CFF-4E41-81D4-5C78174F178A}.Debug|Any CPU.ActiveCfg = Debug|Any CPU
		{9DDE17A5-7CFF-4E41-81D4-5C78174F178A}.Debug|Any CPU.Build.0 = Debug|Any CPU
		{9DDE17A5-7CFF-4E41-81D4-5C78174F178A}.Release|Any CPU.ActiveCfg = Release|Any CPU
		{9DDE17A5-7CFF-4E41-81D4-5C78174F178A}.Release|Any CPU.Build.0 = Release|Any CPU
		{7F4B3A75-2053-4C2F-9BE9-43F4624F9D5E}.Debug|Any CPU.ActiveCfg = Debug|Any CPU
		{7F4B3A75-2053-4C2F-9BE9-43F4624F9D5E}.Debug|Any CPU.Build.0 = Debug|Any CPU
		{7F4B3A75-2053-4C2F-9BE9-43F4624F9D5E}.Release|Any CPU.ActiveCfg = Release|Any CPU
		{7F4B3A75-2053-4C2F-9BE9-43F4624F9D5E}.Release|Any CPU.Build.0 = Release|Any CPU
		{94C8A8A4-DA56-4E91-A84E-7577EC33F011}.Debug|Any CPU.ActiveCfg = Debug|Any CPU
		{94C8A8A4-DA56-4E91-A84E-7577EC33F011}.Debug|Any CPU.Build.0 = Debug|Any CPU
		{94C8A8A4-DA56-4E91-A84E-7577EC33F011}.Release|Any CPU.ActiveCfg = Release|Any CPU
		{94C8A8A4-DA56-4E91-A84E-7577EC33F011}.Release|Any CPU.Build.0 = Release|Any CPU
		{39FE37AC-F89F-4770-BD00-464324F4D38A}.Debug|Any CPU.ActiveCfg = Debug|Any CPU
		{39FE37AC-F89F-4770-BD00-464324F4D38A}.Debug|Any CPU.Build.0 = Debug|Any CPU
		{39FE37AC-F89F-4770-BD00-464324F4D38A}.Release|Any CPU.ActiveCfg = Release|Any CPU
		{39FE37AC-F89F-4770-BD00-464324F4D38A}.Release|Any CPU.Build.0 = Release|Any CPU
		{BC639D6E-6223-469A-95F7-DD4509765E08}.Debug|Any CPU.ActiveCfg = Debug|Any CPU
		{BC639D6E-6223-469A-95F7-DD4509765E08}.Debug|Any CPU.Build.0 = Debug|Any CPU
		{BC639D6E-6223-469A-95F7-DD4509765E08}.Release|Any CPU.ActiveCfg = Release|Any CPU
		{BC639D6E-6223-469A-95F7-DD4509765E08}.Release|Any CPU.Build.0 = Release|Any CPU
		{9C422E9B-0A7A-4437-AB26-F19314DE8262}.Debug|Any CPU.ActiveCfg = Debug|Any CPU
		{9C422E9B-0A7A-4437-AB26-F19314DE8262}.Debug|Any CPU.Build.0 = Debug|Any CPU
		{9C422E9B-0A7A-4437-AB26-F19314DE8262}.Release|Any CPU.ActiveCfg = Release|Any CPU
		{9C422E9B-0A7A-4437-AB26-F19314DE8262}.Release|Any CPU.Build.0 = Release|Any CPU
		{50F8BF6D-9B58-4025-ABB4-E86119EC6554}.Debug|Any CPU.ActiveCfg = Debug|Any CPU
		{50F8BF6D-9B58-4025-ABB4-E86119EC6554}.Debug|Any CPU.Build.0 = Debug|Any CPU
		{50F8BF6D-9B58-4025-ABB4-E86119EC6554}.Release|Any CPU.ActiveCfg = Release|Any CPU
		{50F8BF6D-9B58-4025-ABB4-E86119EC6554}.Release|Any CPU.Build.0 = Release|Any CPU
		{6CAF011F-66E7-4437-BF9C-510C8062B4AE}.Debug|Any CPU.ActiveCfg = Debug|Any CPU
		{6CAF011F-66E7-4437-BF9C-510C8062B4AE}.Debug|Any CPU.Build.0 = Debug|Any CPU
		{6CAF011F-66E7-4437-BF9C-510C8062B4AE}.Release|Any CPU.ActiveCfg = Release|Any CPU
		{6CAF011F-66E7-4437-BF9C-510C8062B4AE}.Release|Any CPU.Build.0 = Release|Any CPU
		{A0E0DFA9-C8B5-4D95-9302-1DA1104C84F6}.Debug|Any CPU.ActiveCfg = Debug|Any CPU
		{A0E0DFA9-C8B5-4D95-9302-1DA1104C84F6}.Debug|Any CPU.Build.0 = Debug|Any CPU
		{A0E0DFA9-C8B5-4D95-9302-1DA1104C84F6}.Release|Any CPU.ActiveCfg = Release|Any CPU
		{A0E0DFA9-C8B5-4D95-9302-1DA1104C84F6}.Release|Any CPU.Build.0 = Release|Any CPU
		{B4D78860-1AAF-4DC9-93D4-8068980B9943}.Debug|Any CPU.ActiveCfg = Debug|Any CPU
		{B4D78860-1AAF-4DC9-93D4-8068980B9943}.Debug|Any CPU.Build.0 = Debug|Any CPU
		{B4D78860-1AAF-4DC9-93D4-8068980B9943}.Release|Any CPU.ActiveCfg = Release|Any CPU
		{B4D78860-1AAF-4DC9-93D4-8068980B9943}.Release|Any CPU.Build.0 = Release|Any CPU
	EndGlobalSection
EndGlobal
